af7c777f8702d9b5bce6b3ea16540ab7542bc78725cb45e945c6d5b6025a4d66  2026-05-16-12-17-14-kiroku-bootstrap.sql
2771cdd2605a8808ea469c0bcba175c8ba4c5d2465f43eb05c56edb188fa8141  2026-05-29-15-26-04-add-subscription-dead-letters.sql
432796c59389d45478ba773b62e9f38d0a562807061eb49280d295ec83248351  2026-06-14-13-17-09-notify-trigger-append-guard.sql
f698db092ebf34beeddecc949bbd506afc0b9c63d3e9983ad5d14f203f2ee1cd  2026-06-14-13-25-40-dead-letters-event-id-index.sql
80c28c7743f1d9967eadf921c0509fc8477db16500466bf7a49c5f59aadb0fa2  2026-06-14-13-54-48-index-hygiene-and-streams-fillfactor.sql
a0e4338a2feadf8f01499a3809d3de78966966689b095ea46195c4d07743e4aa  2026-06-14-14-01-17-stream-name-length-check.sql
a4fe42ad8702b43c3d6f72edf263d6b301e783493d49f40a35dd14d2a7928fa7  2026-06-24-09-42-22-stream-truncate-before.sql
